// !$*UTF8*$!
{
	archiveVersion = 1;
	classes = {
	};
	objectVersion = 55;
	objects = {

/* Begin PBXBuildFile section */
		A3FA436127DBE12100ADDF0F /* Tests_iOS.swift in Sources */ = {isa = PBXBuildFile; fileRef = A3FA436027DBE12100ADDF0F /* Tests_iOS.swift */; };
		A3FA436327DBE12100ADDF0F /* Tests_iOSLaunchTests.swift in Sources */ = {isa = PBXBuildFile; fileRef = A3FA436227DBE12100ADDF0F /* Tests_iOSLaunchTests.swift */; };
		A3FA436D27DBE12100ADDF0F /* Tests_macOS.swift in Sources */ = {isa = PBXBuildFile; fileRef = A3FA436C27DBE12100ADDF0F /* Tests_macOS.swift */; };
		A3FA436F27DBE12100ADDF0F /* Tests_macOSLaunchTests.swift in Sources */ = {isa = PBXBuildFile; fileRef = A3FA436E27DBE12100ADDF0F /* Tests_macOSLaunchTests.swift */; };
		A3FA437027DBE12200ADDF0F /* Matrix_Solution_Schrodinger_EquationApp.swift in Sources */ = {isa = PBXBuildFile; fileRef = A3FA434827DBE11B00ADDF0F /* Matrix_Solution_Schrodinger_EquationApp.swift */; };
		A3FA437127DBE12200ADDF0F /* Matrix_Solution_Schrodinger_EquationApp.swift in Sources */ = {isa = PBXBuildFile; fileRef = A3FA434827DBE11B00ADDF0F /* Matrix_Solution_Schrodinger_EquationApp.swift */; };
		A3FA437227DBE12200ADDF0F /* ContentView.swift in Sources */ = {isa = PBXBuildFile; fileRef = A3FA434927DBE11B00ADDF0F /* ContentView.swift */; };
		A3FA437327DBE12200ADDF0F /* ContentView.swift in Sources */ = {isa = PBXBuildFile; fileRef = A3FA434927DBE11B00ADDF0F /* ContentView.swift */; };
		A3FA437427DBE12200ADDF0F /* Assets.xcassets in Resources */ = {isa = PBXBuildFile; fileRef = A3FA434A27DBE12100ADDF0F /* Assets.xcassets */; };
		A3FA437527DBE12200ADDF0F /* Assets.xcassets in Resources */ = {isa = PBXBuildFile; fileRef = A3FA434A27DBE12100ADDF0F /* Assets.xcassets */; };
		A3FA438727DBEFA300ADDF0F /* Accelerate.framework in Frameworks */ = {isa = PBXBuildFile; fileRef = A3FA438627DBEFA300ADDF0F /* Accelerate.framework */; };
		A3FA438927DBEFAE00ADDF0F /* Accelerate.framework in Frameworks */ = {isa = PBXBuildFile; fileRef = A3FA438827DBEFAE00ADDF0F /* Accelerate.framework */; platformFilter = maccatalyst; };
		A3FA438B27DBF11800ADDF0F /* Schrodinger Eq Matrix.swift in Sources */ = {isa = PBXBuildFile; fileRef = A3FA438A27DBF11700ADDF0F /* Schrodinger Eq Matrix.swift */; };
		A3FA438C27DBF11800ADDF0F /* Schrodinger Eq Matrix.swift in Sources */ = {isa = PBXBuildFile; fileRef = A3FA438A27DBF11700ADDF0F /* Schrodinger Eq Matrix.swift */; };
		A3FA438E27DBF7B500ADDF0F /* Wave Functions.swift in Sources */ = {isa = PBXBuildFile; fileRef = A3FA438D27DBF7B500ADDF0F /* Wave Functions.swift */; };
		A3FA438F27DBF7B500ADDF0F /* Wave Functions.swift in Sources */ = {isa = PBXBuildFile; fileRef = A3FA438D27DBF7B500ADDF0F /* Wave Functions.swift */; };
		A3FA439227DBFB1000ADDF0F /* CorePlot in Frameworks */ = {isa = PBXBuildFile; productRef = A3FA439127DBFB1000ADDF0F /* CorePlot */; };
		A3FA439727DBFBDD00ADDF0F /* CorePlot.swift in Sources */ = {isa = PBXBuildFile; fileRef = A3FA439627DBFBDD00ADDF0F /* CorePlot.swift */; };
		A3FA439827DBFBDD00ADDF0F /* CorePlot.swift in Sources */ = {isa = PBXBuildFile; fileRef = A3FA439627DBFBDD00ADDF0F /* CorePlot.swift */; };
		A3FA439A27DBFC1F00ADDF0F /* ChangingPlotParameters.swift in Sources */ = {isa = PBXBuildFile; fileRef = A3FA439927DBFC1F00ADDF0F /* ChangingPlotParameters.swift */; };
		A3FA439B27DBFC1F00ADDF0F /* ChangingPlotParameters.swift in Sources */ = {isa = PBXBuildFile; fileRef = A3FA439927DBFC1F00ADDF0F /* ChangingPlotParameters.swift */; };
		A3FA439D27DBFC4800ADDF0F /* PlotDataClass.swift in Sources */ = {isa = PBXBuildFile; fileRef = A3FA439C27DBFC4800ADDF0F /* PlotDataClass.swift */; };
		A3FA439E27DBFC4800ADDF0F /* PlotDataClass.swift in Sources */ = {isa = PBXBuildFile; fileRef = A3FA439C27DBFC4800ADDF0F /* PlotDataClass.swift */; };
		A3FA43A027DBFC7100ADDF0F /* PlotClass.swift in Sources */ = {isa = PBXBuildFile; fileRef = A3FA439F27DBFC7100ADDF0F /* PlotClass.swift */; };
		A3FA43A127DBFC7100ADDF0F /* PlotClass.swift in Sources */ = {isa = PBXBuildFile; fileRef = A3FA439F27DBFC7100ADDF0F /* PlotClass.swift */; };
		A3FA43A327DC088D00ADDF0F /* Average Value Integration.swift in Sources */ = {isa = PBXBuildFile; fileRef = A3FA43A227DC088D00ADDF0F /* Average Value Integration.swift */; };
		A3FA43A427DC088D00ADDF0F /* Average Value Integration.swift in Sources */ = {isa = PBXBuildFile; fileRef = A3FA43A227DC088D00ADDF0F /* Average Value Integration.swift */; };
		A3FA43A627DC0A4500ADDF0F /* Potential Wells.swift in Sources */ = {isa = PBXBuildFile; fileRef = A3FA43A527DC0A4500ADDF0F /* Potential Wells.swift */; };
		A3FA43A727DC0A4500ADDF0F /* Potential Wells.swift in Sources */ = {isa = PBXBuildFile; fileRef = A3FA43A527DC0A4500ADDF0F /* Potential Wells.swift */; };
/* End PBXBuildFile section */

/* Begin PBXContainerItemProxy section */
		A3FA435D27DBE12100ADDF0F /* PBXContainerItemProxy */ = {
			isa = PBXContainerItemProxy;
			containerPortal = A3FA434327DBE11B00ADDF0F /* Project object */;
			proxyType = 1;
			remoteGlobalIDString = A3FA434E27DBE12100ADDF0F;
			remoteInfo = "Matrix Solution Schrodinger Equation (iOS)";
		};
		A3FA436927DBE12100ADDF0F /* PBXContainerItemProxy */ = {
			isa = PBXContainerItemProxy;
			containerPortal = A3FA434327DBE11B00ADDF0F /* Project object */;
			proxyType = 1;
			remoteGlobalIDString = A3FA435427DBE12100ADDF0F;
			remoteInfo = "Matrix Solution Schrodinger Equation (macOS)";
		};
/* End PBXContainerItemProxy section */

/* Begin PBXFileReference section */
		A3FA434827DBE11B00ADDF0F /* Matrix_Solution_Schrodinger_EquationApp.swift */ = {isa = PBXFileReference; lastKnownFileType = sourcecode.swift; path = Matrix_Solution_Schrodinger_EquationApp.swift; sourceTree = "<group>"; };
		A3FA434927DBE11B00ADDF0F /* ContentView.swift */ = {isa = PBXFileReference; lastKnownFileType = sourcecode.swift; path = ContentView.swift; sourceTree = "<group>"; };
		A3FA434A27DBE12100ADDF0F /* Assets.xcassets */ = {isa = PBXFileReference; lastKnownFileType = folder.assetcatalog; path = Assets.xcassets; sourceTree = "<group>"; };
		A3FA434F27DBE12100ADDF0F /* Matrix Solution Schrodinger Equation.app */ = {isa = PBXFileReference; explicitFileType = wrapper.application; includeInIndex = 0; path = "Matrix Solution Schrodinger Equation.app"; sourceTree = BUILT_PRODUCTS_DIR; };
		A3FA435527DBE12100ADDF0F /* Matrix Solution Schrodinger Equation.app */ = {isa = PBXFileReference; explicitFileType = wrapper.application; includeInIndex = 0; path = "Matrix Solution Schrodinger Equation.app"; sourceTree = BUILT_PRODUCTS_DIR; };
		A3FA435727DBE12100ADDF0F /* macOS.entitlements */ = {isa = PBXFileReference; lastKnownFileType = text.plist.entitlements; path = macOS.entitlements; sourceTree = "<group>"; };
		A3FA435C27DBE12100ADDF0F /* Tests iOS.xctest */ = {isa = PBXFileReference; explicitFileType = wrapper.cfbundle; includeInIndex = 0; path = "Tests iOS.xctest"; sourceTree = BUILT_PRODUCTS_DIR; };
		A3FA436027DBE12100ADDF0F /* Tests_iOS.swift */ = {isa = PBXFileReference; lastKnownFileType = sourcecode.swift; path = Tests_iOS.swift; sourceTree = "<group>"; };
		A3FA436227DBE12100ADDF0F /* Tests_iOSLaunchTests.swift */ = {isa = PBXFileReference; lastKnownFileType = sourcecode.swift; path = Tests_iOSLaunchTests.swift; sourceTree = "<group>"; };
		A3FA436827DBE12100ADDF0F /* Tests macOS.xctest */ = {isa = PBXFileReference; explicitFileType = wrapper.cfbundle; includeInIndex = 0; path = "Tests macOS.xctest"; sourceTree = BUILT_PRODUCTS_DIR; };
		A3FA436C27DBE12100ADDF0F /* Tests_macOS.swift */ = {isa = PBXFileReference; lastKnownFileType = sourcecode.swift; path = Tests_macOS.swift; sourceTree = "<group>"; };
		A3FA436E27DBE12100ADDF0F /* Tests_macOSLaunchTests.swift */ = {isa = PBXFileReference; lastKnownFileType = sourcecode.swift; path = Tests_macOSLaunchTests.swift; sourceTree = "<group>"; };
		A3FA438427DBEF9200ADDF0F /* Matrix-Solution-Schrodinger-Equation--iOS--Info.plist */ = {isa = PBXFileReference; lastKnownFileType = text.plist; path = "Matrix-Solution-Schrodinger-Equation--iOS--Info.plist"; sourceTree = "<group>"; };
		A3FA438627DBEFA300ADDF0F /* Accelerate.framework */ = {isa = PBXFileReference; lastKnownFileType = wrapper.framework; name = Accelerate.framework; path = Platforms/iPhoneOS.platform/Developer/SDKs/iPhoneOS15.2.sdk/System/Library/Frameworks/Accelerate.framework; sourceTree = DEVELOPER_DIR; };
		A3FA438827DBEFAE00ADDF0F /* Accelerate.framework */ = {isa = PBXFileReference; lastKnownFileType = wrapper.framework; name = Accelerate.framework; path = System/Library/Frameworks/Accelerate.framework; sourceTree = SDKROOT; };
		A3FA438A27DBF11700ADDF0F /* Schrodinger Eq Matrix.swift */ = {isa = PBXFileReference; lastKnownFileType = sourcecode.swift; path = "Schrodinger Eq Matrix.swift"; sourceTree = "<group>"; };
		A3FA438D27DBF7B500ADDF0F /* Wave Functions.swift */ = {isa = PBXFileReference; lastKnownFileType = sourcecode.swift; path = "Wave Functions.swift"; sourceTree = "<group>"; };
		A3FA439627DBFBDD00ADDF0F /* CorePlot.swift */ = {isa = PBXFileReference; lastKnownFileType = sourcecode.swift; path = CorePlot.swift; sourceTree = "<group>"; };
		A3FA439927DBFC1F00ADDF0F /* ChangingPlotParameters.swift */ = {isa = PBXFileReference; lastKnownFileType = sourcecode.swift; path = ChangingPlotParameters.swift; sourceTree = "<group>"; };
		A3FA439C27DBFC4800ADDF0F /* PlotDataClass.swift */ = {isa = PBXFileReference; lastKnownFileType = sourcecode.swift; path = PlotDataClass.swift; sourceTree = "<group>"; };
		A3FA439F27DBFC7100ADDF0F /* PlotClass.swift */ = {isa = PBXFileReference; lastKnownFileType = sourcecode.swift; path = PlotClass.swift; sourceTree = "<group>"; };
		A3FA43A227DC088D00ADDF0F /* Average Value Integration.swift */ = {isa = PBXFileReference; lastKnownFileType = sourcecode.swift; path = "Average Value Integration.swift"; sourceTree = "<group>"; };
		A3FA43A527DC0A4500ADDF0F /* Potential Wells.swift */ = {isa = PBXFileReference; lastKnownFileType = sourcecode.swift; path = "Potential Wells.swift"; sourceTree = "<group>"; };
/* End PBXFileReference section */

/* Begin PBXFrameworksBuildPhase section */
		A3FA434C27DBE12100ADDF0F /* Frameworks */ = {
			isa = PBXFrameworksBuildPhase;
			buildActionMask = 2147483647;
			files = (
				A3FA439227DBFB1000ADDF0F /* CorePlot in Frameworks */,
				A3FA438727DBEFA300ADDF0F /* Accelerate.framework in Frameworks */,
			);
			runOnlyForDeploymentPostprocessing = 0;
		};
		A3FA435227DBE12100ADDF0F /* Frameworks */ = {
			isa = PBXFrameworksBuildPhase;
			buildActionMask = 2147483647;
			files = (
				A3FA438927DBEFAE00ADDF0F /* Accelerate.framework in Frameworks */,
			);
			runOnlyForDeploymentPostprocessing = 0;
		};
		A3FA435927DBE12100ADDF0F /* Frameworks */ = {
			isa = PBXFrameworksBuildPhase;
			buildActionMask = 2147483647;
			files = (
			);
			runOnlyForDeploymentPostprocessing = 0;
		};
		A3FA436527DBE12100ADDF0F /* Frameworks */ = {
			isa = PBXFrameworksBuildPhase;
			buildActionMask = 2147483647;
			files = (
			);
			runOnlyForDeploymentPostprocessing = 0;
		};
/* End PBXFrameworksBuildPhase section */

/* Begin PBXGroup section */
		A3FA434227DBE11B00ADDF0F = {
			isa = PBXGroup;
			children = (
				A3FA438427DBEF9200ADDF0F /* Matrix-Solution-Schrodinger-Equation--iOS--Info.plist */,
				A3FA434727DBE11B00ADDF0F /* Shared */,
				A3FA435627DBE12100ADDF0F /* macOS */,
				A3FA435F27DBE12100ADDF0F /* Tests iOS */,
				A3FA436B27DBE12100ADDF0F /* Tests macOS */,
				A3FA435027DBE12100ADDF0F /* Products */,
				A3FA438527DBEFA200ADDF0F /* Frameworks */,
			);
			sourceTree = "<group>";
		};
		A3FA434727DBE11B00ADDF0F /* Shared */ = {
			isa = PBXGroup;
			children = (
				A3FA434827DBE11B00ADDF0F /* Matrix_Solution_Schrodinger_EquationApp.swift */,
				A3FA434927DBE11B00ADDF0F /* ContentView.swift */,
				A3FA438A27DBF11700ADDF0F /* Schrodinger Eq Matrix.swift */,
				A3FA438D27DBF7B500ADDF0F /* Wave Functions.swift */,
				A3FA43A527DC0A4500ADDF0F /* Potential Wells.swift */,
				A3FA43A227DC088D00ADDF0F /* Average Value Integration.swift */,
				A3FA439927DBFC1F00ADDF0F /* ChangingPlotParameters.swift */,
				A3FA439F27DBFC7100ADDF0F /* PlotClass.swift */,
				A3FA434A27DBE12100ADDF0F /* Assets.xcassets */,
				A3FA439C27DBFC4800ADDF0F /* PlotDataClass.swift */,
				A3FA439627DBFBDD00ADDF0F /* CorePlot.swift */,
			);
			path = Shared;
			sourceTree = "<group>";
		};
		A3FA435027DBE12100ADDF0F /* Products */ = {
			isa = PBXGroup;
			children = (
				A3FA434F27DBE12100ADDF0F /* Matrix Solution Schrodinger Equation.app */,
				A3FA435527DBE12100ADDF0F /* Matrix Solution Schrodinger Equation.app */,
				A3FA435C27DBE12100ADDF0F /* Tests iOS.xctest */,
				A3FA436827DBE12100ADDF0F /* Tests macOS.xctest */,
			);
			name = Products;
			sourceTree = "<group>";
		};
		A3FA435627DBE12100ADDF0F /* macOS */ = {
			isa = PBXGroup;
			children = (
				A3FA435727DBE12100ADDF0F /* macOS.entitlements */,
			);
			path = macOS;
			sourceTree = "<group>";
		};
		A3FA435F27DBE12100ADDF0F /* Tests iOS */ = {
			isa = PBXGroup;
			children = (
				A3FA436027DBE12100ADDF0F /* Tests_iOS.swift */,
				A3FA436227DBE12100ADDF0F /* Tests_iOSLaunchTests.swift */,
			);
			path = "Tests iOS";
			sourceTree = "<group>";
		};
		A3FA436B27DBE12100ADDF0F /* Tests macOS */ = {
			isa = PBXGroup;
			children = (
				A3FA436C27DBE12100ADDF0F /* Tests_macOS.swift */,
				A3FA436E27DBE12100ADDF0F /* Tests_macOSLaunchTests.swift */,
			);
			path = "Tests macOS";
			sourceTree = "<group>";
		};
		A3FA438527DBEFA200ADDF0F /* Frameworks */ = {
			isa = PBXGroup;
			children = (
				A3FA438827DBEFAE00ADDF0F /* Accelerate.framework */,
				A3FA438627DBEFA300ADDF0F /* Accelerate.framework */,
			);
			name = Frameworks;
			sourceTree = "<group>";
		};
/* End PBXGroup section */

/* Begin PBXNativeTarget section */
		A3FA434E27DBE12100ADDF0F /* Matrix Solution Schrodinger Equation (iOS) */ = {
			isa = PBXNativeTarget;
			buildConfigurationList = A3FA437827DBE12200ADDF0F /* Build configuration list for PBXNativeTarget "Matrix Solution Schrodinger Equation (iOS)" */;
			buildPhases = (
				A3FA434B27DBE12100ADDF0F /* Sources */,
				A3FA434C27DBE12100ADDF0F /* Frameworks */,
				A3FA434D27DBE12100ADDF0F /* Resources */,
			);
			buildRules = (
			);
			dependencies = (
			);
			name = "Matrix Solution Schrodinger Equation (iOS)";
			packageProductDependencies = (
				A3FA439127DBFB1000ADDF0F /* CorePlot */,
			);
			productName = "Matrix Solution Schrodinger Equation (iOS)";
			productReference = A3FA434F27DBE12100ADDF0F /* Matrix Solution Schrodinger Equation.app */;
			productType = "com.apple.product-type.application";
		};
		A3FA435427DBE12100ADDF0F /* Matrix Solution Schrodinger Equation (macOS) */ = {
			isa = PBXNativeTarget;
			buildConfigurationList = A3FA437B27DBE12200ADDF0F /* Build configuration list for PBXNativeTarget "Matrix Solution Schrodinger Equation (macOS)" */;
			buildPhases = (
				A3FA435127DBE12100ADDF0F /* Sources */,
				A3FA435227DBE12100ADDF0F /* Frameworks */,
				A3FA435327DBE12100ADDF0F /* Resources */,
			);
			buildRules = (
			);
			dependencies = (
			);
			name = "Matrix Solution Schrodinger Equation (macOS)";
			productName = "Matrix Solution Schrodinger Equation (macOS)";
			productReference = A3FA435527DBE12100ADDF0F /* Matrix Solution Schrodinger Equation.app */;
			productType = "com.apple.product-type.application";
		};
		A3FA435B27DBE12100ADDF0F /* Tests iOS */ = {
			isa = PBXNativeTarget;
			buildConfigurationList = A3FA437E27DBE12200ADDF0F /* Build configuration list for PBXNativeTarget "Tests iOS" */;
			buildPhases = (
				A3FA435827DBE12100ADDF0F /* Sources */,
				A3FA435927DBE12100ADDF0F /* Frameworks */,
				A3FA435A27DBE12100ADDF0F /* Resources */,
			);
			buildRules = (
			);
			dependencies = (
				A3FA435E27DBE12100ADDF0F /* PBXTargetDependency */,
			);
			name = "Tests iOS";
			productName = "Tests iOS";
			productReference = A3FA435C27DBE12100ADDF0F /* Tests iOS.xctest */;
			productType = "com.apple.product-type.bundle.ui-testing";
		};
		A3FA436727DBE12100ADDF0F /* Tests macOS */ = {
			isa = PBXNativeTarget;
			buildConfigurationList = A3FA438127DBE12200ADDF0F /* Build configuration list for PBXNativeTarget "Tests macOS" */;
			buildPhases = (
				A3FA436427DBE12100ADDF0F /* Sources */,
				A3FA436527DBE12100ADDF0F /* Frameworks */,
				A3FA436627DBE12100ADDF0F /* Resources */,
			);
			buildRules = (
			);
			dependencies = (
				A3FA436A27DBE12100ADDF0F /* PBXTargetDependency */,
			);
			name = "Tests macOS";
			productName = "Tests macOS";
			productReference = A3FA436827DBE12100ADDF0F /* Tests macOS.xctest */;
			productType = "com.apple.product-type.bundle.ui-testing";
		};
/* End PBXNativeTarget section */

/* Begin PBXProject section */
		A3FA434327DBE11B00ADDF0F /* Project object */ = {
			isa = PBXProject;
			attributes = {
				BuildIndependentTargetsInParallel = 1;
				LastSwiftUpdateCheck = 1320;
				LastUpgradeCheck = 1320;
				TargetAttributes = {
					A3FA434E27DBE12100ADDF0F = {
						CreatedOnToolsVersion = 13.2.1;
					};
					A3FA435427DBE12100ADDF0F = {
						CreatedOnToolsVersion = 13.2.1;
					};
					A3FA435B27DBE12100ADDF0F = {
						CreatedOnToolsVersion = 13.2.1;
						TestTargetID = A3FA434E27DBE12100ADDF0F;
					};
					A3FA436727DBE12100ADDF0F = {
						CreatedOnToolsVersion = 13.2.1;
						TestTargetID = A3FA435427DBE12100ADDF0F;
					};
				};
			};
			buildConfigurationList = A3FA434627DBE11B00ADDF0F /* Build configuration list for PBXProject "Matrix Solution Schrodinger Equation" */;
			compatibilityVersion = "Xcode 13.0";
			developmentRegion = en;
			hasScannedForEncodings = 0;
			knownRegions = (
				en,
				Base,
			);
			mainGroup = A3FA434227DBE11B00ADDF0F;
			packageReferences = (
				A3FA439027DBFB1000ADDF0F /* XCRemoteSwiftPackageReference "core-plot" */,
			);
			productRefGroup = A3FA435027DBE12100ADDF0F /* Products */;
			projectDirPath = "";
			projectRoot = "";
			targets = (
				A3FA434E27DBE12100ADDF0F /* Matrix Solution Schrodinger Equation (iOS) */,
				A3FA435427DBE12100ADDF0F /* Matrix Solution Schrodinger Equation (macOS) */,
				A3FA435B27DBE12100ADDF0F /* Tests iOS */,
				A3FA436727DBE12100ADDF0F /* Tests macOS */,
			);
		};
/* End PBXProject section */

/* Begin PBXResourcesBuildPhase section */
		A3FA434D27DBE12100ADDF0F /* Resources */ = {
			isa = PBXResourcesBuildPhase;
			buildActionMask = 2147483647;
			files = (
				A3FA437427DBE12200ADDF0F /* Assets.xcassets in Resources */,
			);
			runOnlyForDeploymentPostprocessing = 0;
		};
		A3FA435327DBE12100ADDF0F /* Resources */ = {
			isa = PBXResourcesBuildPhase;
			buildActionMask = 2147483647;
			files = (
				A3FA437527DBE12200ADDF0F /* Assets.xcassets in Resources */,
			);
			runOnlyForDeploymentPostprocessing = 0;
		};
		A3FA435A27DBE12100ADDF0F /* Resources */ = {
			isa = PBXResourcesBuildPhase;
			buildActionMask = 2147483647;
			files = (
			);
			runOnlyForDeploymentPostprocessing = 0;
		};
		A3FA436627DBE12100ADDF0F /* Resources */ = {
			isa = PBXResourcesBuildPhase;
			buildActionMask = 2147483647;
			files = (
			);
			runOnlyForDeploymentPostprocessing = 0;
		};
/* End PBXResourcesBuildPhase section */

/* Begin PBXSourcesBuildPhase section */
		A3FA434B27DBE12100ADDF0F /* Sources */ = {
			isa = PBXSourcesBuildPhase;
			buildActionMask = 2147483647;
			files = (
				A3FA437227DBE12200ADDF0F /* ContentView.swift in Sources */,
				A3FA437027DBE12200ADDF0F /* Matrix_Solution_Schrodinger_EquationApp.swift in Sources */,
				A3FA438B27DBF11800ADDF0F /* Schrodinger Eq Matrix.swift in Sources */,
				A3FA43A627DC0A4500ADDF0F /* Potential Wells.swift in Sources */,
				A3FA43A327DC088D00ADDF0F /* Average Value Integration.swift in Sources */,
				A3FA438E27DBF7B500ADDF0F /* Wave Functions.swift in Sources */,
				A3FA439D27DBFC4800ADDF0F /* PlotDataClass.swift in Sources */,
				A3FA439727DBFBDD00ADDF0F /* CorePlot.swift in Sources */,
				A3FA439A27DBFC1F00ADDF0F /* ChangingPlotParameters.swift in Sources */,
				A3FA43A027DBFC7100ADDF0F /* PlotClass.swift in Sources */,
			);
			runOnlyForDeploymentPostprocessing = 0;
		};
		A3FA435127DBE12100ADDF0F /* Sources */ = {
			isa = PBXSourcesBuildPhase;
			buildActionMask = 2147483647;
			files = (
				A3FA437327DBE12200ADDF0F /* ContentView.swift in Sources */,
				A3FA437127DBE12200ADDF0F /* Matrix_Solution_Schrodinger_EquationApp.swift in Sources */,
				A3FA438C27DBF11800ADDF0F /* Schrodinger Eq Matrix.swift in Sources */,
				A3FA43A727DC0A4500ADDF0F /* Potential Wells.swift in Sources */,
				A3FA43A427DC088D00ADDF0F /* Average Value Integration.swift in Sources */,
				A3FA438F27DBF7B500ADDF0F /* Wave Functions.swift in Sources */,
				A3FA439E27DBFC4800ADDF0F /* PlotDataClass.swift in Sources */,
				A3FA439827DBFBDD00ADDF0F /* CorePlot.swift in Sources */,
				A3FA439B27DBFC1F00ADDF0F /* ChangingPlotParameters.swift in Sources */,
				A3FA43A127DBFC7100ADDF0F /* PlotClass.swift in Sources */,
			);
			runOnlyForDeploymentPostprocessing = 0;
		};
		A3FA435827DBE12100ADDF0F /* Sources */ = {
			isa = PBXSourcesBuildPhase;
			buildActionMask = 2147483647;
			files = (
				A3FA436327DBE12100ADDF0F /* Tests_iOSLaunchTests.swift in Sources */,
				A3FA436127DBE12100ADDF0F /* Tests_iOS.swift in Sources */,
			);
			runOnlyForDeploymentPostprocessing = 0;
		};
		A3FA436427DBE12100ADDF0F /* Sources */ = {
			isa = PBXSourcesBuildPhase;
			buildActionMask = 2147483647;
			files = (
				A3FA436F27DBE12100ADDF0F /* Tests_macOSLaunchTests.swift in Sources */,
				A3FA436D27DBE12100ADDF0F /* Tests_macOS.swift in Sources */,
			);
			runOnlyForDeploymentPostprocessing = 0;
		};
/* End PBXSourcesBuildPhase section */

/* Begin PBXTargetDependency section */
		A3FA435E27DBE12100ADDF0F /* PBXTargetDependency */ = {
			isa = PBXTargetDependency;
			target = A3FA434E27DBE12100ADDF0F /* Matrix Solution Schrodinger Equation (iOS) */;
			targetProxy = A3FA435D27DBE12100ADDF0F /* PBXContainerItemProxy */;
		};
		A3FA436A27DBE12100ADDF0F /* PBXTargetDependency */ = {
			isa = PBXTargetDependency;
			target = A3FA435427DBE12100ADDF0F /* Matrix Solution Schrodinger Equation (macOS) */;
			targetProxy = A3FA436927DBE12100ADDF0F /* PBXContainerItemProxy */;
		};
/* End PBXTargetDependency section */

/* Begin XCBuildConfiguration section */
		A3FA437627DBE12200ADDF0F /* Debug */ = {
			isa = XCBuildConfiguration;
			buildSettings = {
				ALWAYS_SEARCH_USER_PATHS = NO;
				CLANG_ANALYZER_NONNULL = YES;
				CLANG_ANALYZER_NUMBER_OBJECT_CONVERSION = YES_AGGRESSIVE;
				CLANG_CXX_LANGUAGE_STANDARD = "gnu++17";
				CLANG_CXX_LIBRARY = "libc++";
				CLANG_ENABLE_MODULES = YES;
				CLANG_ENABLE_OBJC_ARC = YES;
				CLANG_ENABLE_OBJC_WEAK = YES;
				CLANG_WARN_BLOCK_CAPTURE_AUTORELEASING = YES;
				CLANG_WARN_BOOL_CONVERSION = YES;
				CLANG_WARN_COMMA = YES;
				CLANG_WARN_CONSTANT_CONVERSION = YES;
				CLANG_WARN_DEPRECATED_OBJC_IMPLEMENTATIONS = YES;
				CLANG_WARN_DIRECT_OBJC_ISA_USAGE = YES_ERROR;
				CLANG_WARN_DOCUMENTATION_COMMENTS = YES;
				CLANG_WARN_EMPTY_BODY = YES;
				CLANG_WARN_ENUM_CONVERSION = YES;
				CLANG_WARN_INFINITE_RECURSION = YES;
				CLANG_WARN_INT_CONVERSION = YES;
				CLANG_WARN_NON_LITERAL_NULL_CONVERSION = YES;
				CLANG_WARN_OBJC_IMPLICIT_RETAIN_SELF = YES;
				CLANG_WARN_OBJC_LITERAL_CONVERSION = YES;
				CLANG_WARN_OBJC_ROOT_CLASS = YES_ERROR;
				CLANG_WARN_QUOTED_INCLUDE_IN_FRAMEWORK_HEADER = YES;
				CLANG_WARN_RANGE_LOOP_ANALYSIS = YES;
				CLANG_WARN_STRICT_PROTOTYPES = YES;
				CLANG_WARN_SUSPICIOUS_MOVE = YES;
				CLANG_WARN_UNGUARDED_AVAILABILITY = YES_AGGRESSIVE;
				CLANG_WARN_UNREACHABLE_CODE = YES;
				CLANG_WARN__DUPLICATE_METHOD_MATCH = YES;
				COPY_PHASE_STRIP = NO;
				DEBUG_INFORMATION_FORMAT = dwarf;
				ENABLE_STRICT_OBJC_MSGSEND = YES;
				ENABLE_TESTABILITY = YES;
				GCC_C_LANGUAGE_STANDARD = gnu11;
				GCC_DYNAMIC_NO_PIC = NO;
				GCC_NO_COMMON_BLOCKS = YES;
				GCC_OPTIMIZATION_LEVEL = 0;
				GCC_PREPROCESSOR_DEFINITIONS = (
					"DEBUG=1",
					"$(inherited)",
				);
				GCC_WARN_64_TO_32_BIT_CONVERSION = YES;
				GCC_WARN_ABOUT_RETURN_TYPE = YES_ERROR;
				GCC_WARN_UNDECLARED_SELECTOR = YES;
				GCC_WARN_UNINITIALIZED_AUTOS = YES_AGGRESSIVE;
				GCC_WARN_UNUSED_FUNCTION = YES;
				GCC_WARN_UNUSED_VARIABLE = YES;
				MTL_ENABLE_DEBUG_INFO = INCLUDE_SOURCE;
				MTL_FAST_MATH = YES;
				ONLY_ACTIVE_ARCH = YES;
				SWIFT_ACTIVE_COMPILATION_CONDITIONS = DEBUG;
				SWIFT_OPTIMIZATION_LEVEL = "-Onone";
			};
			name = Debug;
		};
		A3FA437727DBE12200ADDF0F /* Release */ = {
			isa = XCBuildConfiguration;
			buildSettings = {
				ALWAYS_SEARCH_USER_PATHS = NO;
				CLANG_ANALYZER_NONNULL = YES;
				CLANG_ANALYZER_NUMBER_OBJECT_CONVERSION = YES_AGGRESSIVE;
				CLANG_CXX_LANGUAGE_STANDARD = "gnu++17";
				CLANG_CXX_LIBRARY = "libc++";
				CLANG_ENABLE_MODULES = YES;
				CLANG_ENABLE_OBJC_ARC = YES;
				CLANG_ENABLE_OBJC_WEAK = YES;
				CLANG_WARN_BLOCK_CAPTURE_AUTORELEASING = YES;
				CLANG_WARN_BOOL_CONVERSION = YES;
				CLANG_WARN_COMMA = YES;
				CLANG_WARN_CONSTANT_CONVERSION = YES;
				CLANG_WARN_DEPRECATED_OBJC_IMPLEMENTATIONS = YES;
				CLANG_WARN_DIRECT_OBJC_ISA_USAGE = YES_ERROR;
				CLANG_WARN_DOCUMENTATION_COMMENTS = YES;
				CLANG_WARN_EMPTY_BODY = YES;
				CLANG_WARN_ENUM_CONVERSION = YES;
				CLANG_WARN_INFINITE_RECURSION = YES;
				CLANG_WARN_INT_CONVERSION = YES;
				CLANG_WARN_NON_LITERAL_NULL_CONVERSION = YES;
				CLANG_WARN_OBJC_IMPLICIT_RETAIN_SELF = YES;
				CLANG_WARN_OBJC_LITERAL_CONVERSION = YES;
				CLANG_WARN_OBJC_ROOT_CLASS = YES_ERROR;
				CLANG_WARN_QUOTED_INCLUDE_IN_FRAMEWORK_HEADER = YES;
				CLANG_WARN_RANGE_LOOP_ANALYSIS = YES;
				CLANG_WARN_STRICT_PROTOTYPES = YES;
				CLANG_WARN_SUSPICIOUS_MOVE = YES;
				CLANG_WARN_UNGUARDED_AVAILABILITY = YES_AGGRESSIVE;
				CLANG_WARN_UNREACHABLE_CODE = YES;
				CLANG_WARN__DUPLICATE_METHOD_MATCH = YES;
				COPY_PHASE_STRIP = NO;
				DEBUG_INFORMATION_FORMAT = "dwarf-with-dsym";
				ENABLE_NS_ASSERTIONS = NO;
				ENABLE_STRICT_OBJC_MSGSEND = YES;
				GCC_C_LANGUAGE_STANDARD = gnu11;
				GCC_NO_COMMON_BLOCKS = YES;
				GCC_WARN_64_TO_32_BIT_CONVERSION = YES;
				GCC_WARN_ABOUT_RETURN_TYPE = YES_ERROR;
				GCC_WARN_UNDECLARED_SELECTOR = YES;
				GCC_WARN_UNINITIALIZED_AUTOS = YES_AGGRESSIVE;
				GCC_WARN_UNUSED_FUNCTION = YES;
				GCC_WARN_UNUSED_VARIABLE = YES;
				MTL_ENABLE_DEBUG_INFO = NO;
				MTL_FAST_MATH = YES;
				SWIFT_COMPILATION_MODE = wholemodule;
				SWIFT_OPTIMIZATION_LEVEL = "-O";
			};
			name = Release;
		};
		A3FA437927DBE12200ADDF0F /* Debug */ = {
			isa = XCBuildConfiguration;
			buildSettings = {
				ASSETCATALOG_COMPILER_APPICON_NAME = AppIcon;
				ASSETCATALOG_COMPILER_GLOBAL_ACCENT_COLOR_NAME = AccentColor;
				CODE_SIGN_STYLE = Automatic;
				CURRENT_PROJECT_VERSION = 1;
				DEVELOPMENT_TEAM = HZ8BHG3P39;
				ENABLE_PREVIEWS = YES;
				GENERATE_INFOPLIST_FILE = YES;
				INFOPLIST_FILE = "Matrix-Solution-Schrodinger-Equation--iOS--Info.plist";
				INFOPLIST_KEY_UIApplicationSceneManifest_Generation = YES;
				INFOPLIST_KEY_UIApplicationSupportsIndirectInputEvents = YES;
				INFOPLIST_KEY_UILaunchScreen_Generation = YES;
				INFOPLIST_KEY_UISupportedInterfaceOrientations_iPad = "UIInterfaceOrientationPortrait UIInterfaceOrientationPortraitUpsideDown UIInterfaceOrientationLandscapeLeft UIInterfaceOrientationLandscapeRight";
				INFOPLIST_KEY_UISupportedInterfaceOrientations_iPhone = "UIInterfaceOrientationPortrait UIInterfaceOrientationLandscapeLeft UIInterfaceOrientationLandscapeRight";
				IPHONEOS_DEPLOYMENT_TARGET = 15.2;
				LD_RUNPATH_SEARCH_PATHS = (
					"$(inherited)",
					"@executable_path/Frameworks",
				);
				MARKETING_VERSION = 1.0;
				PRODUCT_BUNDLE_IDENTIFIER = "IIT-PHYS440.Matrix-Solution-Schrodinger-Equation";
				PRODUCT_NAME = "Matrix Solution Schrodinger Equation";
				SDKROOT = iphoneos;
				SWIFT_EMIT_LOC_STRINGS = YES;
				SWIFT_VERSION = 5.0;
				TARGETED_DEVICE_FAMILY = "1,2";
			};
			name = Debug;
		};
		A3FA437A27DBE12200ADDF0F /* Release */ = {
			isa = XCBuildConfiguration;
			buildSettings = {
				ASSETCATALOG_COMPILER_APPICON_NAME = AppIcon;
				ASSETCATALOG_COMPILER_GLOBAL_ACCENT_COLOR_NAME = AccentColor;
				CODE_SIGN_STYLE = Automatic;
				CURRENT_PROJECT_VERSION = 1;
				DEVELOPMENT_TEAM = HZ8BHG3P39;
				ENABLE_PREVIEWS = YES;
				GENERATE_INFOPLIST_FILE = YES;
				INFOPLIST_FILE = "Matrix-Solution-Schrodinger-Equation--iOS--Info.plist";
				INFOPLIST_KEY_UIApplicationSceneManifest_Generation = YES;
				INFOPLIST_KEY_UIApplicationSupportsIndirectInputEvents = YES;
				INFOPLIST_KEY_UILaunchScreen_Generation = YES;
				INFOPLIST_KEY_UISupportedInterfaceOrientations_iPad = "UIInterfaceOrientationPortrait UIInterfaceOrientationPortraitUpsideDown UIInterfaceOrientationLandscapeLeft UIInterfaceOrientationLandscapeRight";
				INFOPLIST_KEY_UISupportedInterfaceOrientations_iPhone = "UIInterfaceOrientationPortrait UIInterfaceOrientationLandscapeLeft UIInterfaceOrientationLandscapeRight";
				IPHONEOS_DEPLOYMENT_TARGET = 15.2;
				LD_RUNPATH_SEARCH_PATHS = (
					"$(inherited)",
					"@executable_path/Frameworks",
				);
				MARKETING_VERSION = 1.0;
				PRODUCT_BUNDLE_IDENTIFIER = "IIT-PHYS440.Matrix-Solution-Schrodinger-Equation";
				PRODUCT_NAME = "Matrix Solution Schrodinger Equation";
				SDKROOT = iphoneos;
				SWIFT_EMIT_LOC_STRINGS = YES;
				SWIFT_VERSION = 5.0;
				TARGETED_DEVICE_FAMILY = "1,2";
				VALIDATE_PRODUCT = YES;
			};
			name = Release;
		};
		A3FA437C27DBE12200ADDF0F /* Debug */ = {
			isa = XCBuildConfiguration;
			buildSettings = {
				ASSETCATALOG_COMPILER_APPICON_NAME = AppIcon;
				ASSETCATALOG_COMPILER_GLOBAL_ACCENT_COLOR_NAME = AccentColor;
				CODE_SIGN_ENTITLEMENTS = macOS/macOS.entitlements;
				CODE_SIGN_STYLE = Automatic;
				COMBINE_HIDPI_IMAGES = YES;
				CURRENT_PROJECT_VERSION = 1;
				DEVELOPMENT_TEAM = HZ8BHG3P39;
				ENABLE_HARDENED_RUNTIME = YES;
				ENABLE_PREVIEWS = YES;
				GENERATE_INFOPLIST_FILE = YES;
				INFOPLIST_KEY_NSHumanReadableCopyright = "";
				LD_RUNPATH_SEARCH_PATHS = (
					"$(inherited)",
					"@executable_path/../Frameworks",
				);
				MACOSX_DEPLOYMENT_TARGET = 12.1;
				MARKETING_VERSION = 1.0;
				PRODUCT_BUNDLE_IDENTIFIER = "IIT-PHYS440.Matrix-Solution-Schrodinger-Equation";
				PRODUCT_NAME = "Matrix Solution Schrodinger Equation";
				SDKROOT = macosx;
				SWIFT_EMIT_LOC_STRINGS = YES;
				SWIFT_VERSION = 5.0;
			};
			name = Debug;
		};
		A3FA437D27DBE12200ADDF0F /* Release */ = {
			isa = XCBuildConfiguration;
			buildSettings = {
				ASSETCATALOG_COMPILER_APPICON_NAME = AppIcon;
				ASSETCATALOG_COMPILER_GLOBAL_ACCENT_COLOR_NAME = AccentColor;
				CODE_SIGN_ENTITLEMENTS = macOS/macOS.entitlements;
				CODE_SIGN_STYLE = Automatic;
				COMBINE_HIDPI_IMAGES = YES;
				CURRENT_PROJECT_VERSION = 1;
				DEVELOPMENT_TEAM = HZ8BHG3P39;
				ENABLE_HARDENED_RUNTIME = YES;
				ENABLE_PREVIEWS = YES;
				GENERATE_INFOPLIST_FILE = YES;
				INFOPLIST_KEY_NSHumanReadableCopyright = "";
				LD_RUNPATH_SEARCH_PATHS = (
					"$(inherited)",
					"@executable_path/../Frameworks",
				);
				MACOSX_DEPLOYMENT_TARGET = 12.1;
				MARKETING_VERSION = 1.0;
				PRODUCT_BUNDLE_IDENTIFIER = "IIT-PHYS440.Matrix-Solution-Schrodinger-Equation";
				PRODUCT_NAME = "Matrix Solution Schrodinger Equation";
				SDKROOT = macosx;
				SWIFT_EMIT_LOC_STRINGS = YES;
				SWIFT_VERSION = 5.0;
			};
			name = Release;
		};
		A3FA437F27DBE12200ADDF0F /* Debug */ = {
			isa = XCBuildConfiguration;
			buildSettings = {
				ALWAYS_EMBED_SWIFT_STANDARD_LIBRARIES = YES;
				CODE_SIGN_STYLE = Automatic;
				CURRENT_PROJECT_VERSION = 1;
				DEVELOPMENT_TEAM = HZ8BHG3P39;
				GENERATE_INFOPLIST_FILE = YES;
				IPHONEOS_DEPLOYMENT_TARGET = 15.2;
				MARKETING_VERSION = 1.0;
				PRODUCT_BUNDLE_IDENTIFIER = "IIT-PHYS440.Tests-iOS";
				PRODUCT_NAME = "$(TARGET_NAME)";
				SDKROOT = iphoneos;
				SWIFT_EMIT_LOC_STRINGS = NO;
				SWIFT_VERSION = 5.0;
				TARGETED_DEVICE_FAMILY = "1,2";
				TEST_TARGET_NAME = "Matrix Solution Schrodinger Equation (iOS)";
			};
			name = Debug;
		};
		A3FA438027DBE12200ADDF0F /* Release */ = {
			isa = XCBuildConfiguration;
			buildSettings = {
				ALWAYS_EMBED_SWIFT_STANDARD_LIBRARIES = YES;
				CODE_SIGN_STYLE = Automatic;
				CURRENT_PROJECT_VERSION = 1;
				DEVELOPMENT_TEAM = HZ8BHG3P39;
				GENERATE_INFOPLIST_FILE = YES;
				IPHONEOS_DEPLOYMENT_TARGET = 15.2;
				MARKETING_VERSION = 1.0;
				PRODUCT_BUNDLE_IDENTIFIER = "IIT-PHYS440.Tests-iOS";
				PRODUCT_NAME = "$(TARGET_NAME)";
				SDKROOT = iphoneos;
				SWIFT_EMIT_LOC_STRINGS = NO;
				SWIFT_VERSION = 5.0;
				TARGETED_DEVICE_FAMILY = "1,2";
				TEST_TARGET_NAME = "Matrix Solution Schrodinger Equation (iOS)";
				VALIDATE_PRODUCT = YES;
			};
			name = Release;
		};
		A3FA438227DBE12200ADDF0F /* Debug */ = {
			isa = XCBuildConfiguration;
			buildSettings = {
				ALWAYS_EMBED_SWIFT_STANDARD_LIBRARIES = YES;
				CODE_SIGN_STYLE = Automatic;
				CURRENT_PROJECT_VERSION = 1;
				DEVELOPMENT_TEAM = HZ8BHG3P39;
				GENERATE_INFOPLIST_FILE = YES;
				MACOSX_DEPLOYMENT_TARGET = 12.1;
				MARKETING_VERSION = 1.0;
				PRODUCT_BUNDLE_IDENTIFIER = "IIT-PHYS440.Tests-macOS";
				PRODUCT_NAME = "$(TARGET_NAME)";
				SDKROOT = macosx;
				SWIFT_EMIT_LOC_STRINGS = NO;
				SWIFT_VERSION = 5.0;
				TEST_TARGET_NAME = "Matrix Solution Schrodinger Equation (macOS)";
			};
			name = Debug;
		};
		A3FA438327DBE12200ADDF0F /* Release */ = {
			isa = XCBuildConfiguration;
			buildSettings = {
				ALWAYS_EMBED_SWIFT_STANDARD_LIBRARIES = YES;
				CODE_SIGN_STYLE = Automatic;
				CURRENT_PROJECT_VERSION = 1;
				DEVELOPMENT_TEAM = HZ8BHG3P39;
				GENERATE_INFOPLIST_FILE = YES;
				MACOSX_DEPLOYMENT_TARGET = 12.1;
				MARKETING_VERSION = 1.0;
				PRODUCT_BUNDLE_IDENTIFIER = "IIT-PHYS440.Tests-macOS";
				PRODUCT_NAME = "$(TARGET_NAME)";
				SDKROOT = macosx;
				SWIFT_EMIT_LOC_STRINGS = NO;
				SWIFT_VERSION = 5.0;
				TEST_TARGET_NAME = "Matrix Solution Schrodinger Equation (macOS)";
			};
			name = Release;
		};
/* End XCBuildConfiguration section */

/* Begin XCConfigurationList section */
		A3FA434627DBE11B00ADDF0F /* Build configuration list for PBXProject "Matrix Solution Schrodinger Equation" */ = {
			isa = XCConfigurationList;
			buildConfigurations = (
				A3FA437627DBE12200ADDF0F /* Debug */,
				A3FA437727DBE12200ADDF0F /* Release */,
			);
			defaultConfigurationIsVisible = 0;
			defaultConfigurationName = Release;
		};
		A3FA437827DBE12200ADDF0F /* Build configuration list for PBXNativeTarget "Matrix Solution Schrodinger Equation (iOS)" */ = {
			isa = XCConfigurationList;
			buildConfigurations = (
				A3FA437927DBE12200ADDF0F /* Debug */,
				A3FA437A27DBE12200ADDF0F /* Release */,
			);
			defaultConfigurationIsVisible = 0;
			defaultConfigurationName = Release;
		};
		A3FA437B27DBE12200ADDF0F /* Build configuration list for PBXNativeTarget "Matrix Solution Schrodinger Equation (macOS)" */ = {
			isa = XCConfigurationList;
			buildConfigurations = (
				A3FA437C27DBE12200ADDF0F /* Debug */,
				A3FA437D27DBE12200ADDF0F /* Release */,
			);
			defaultConfigurationIsVisible = 0;
			defaultConfigurationName = Release;
		};
		A3FA437E27DBE12200ADDF0F /* Build configuration list for PBXNativeTarget "Tests iOS" */ = {
			isa = XCConfigurationList;
			buildConfigurations = (
				A3FA437F27DBE12200ADDF0F /* Debug */,
				A3FA438027DBE12200ADDF0F /* Release */,
			);
			defaultConfigurationIsVisible = 0;
			defaultConfigurationName = Release;
		};
		A3FA438127DBE12200ADDF0F /* Build configuration list for PBXNativeTarget "Tests macOS" */ = {
			isa = XCConfigurationList;
			buildConfigurations = (
				A3FA438227DBE12200ADDF0F /* Debug */,
				A3FA438327DBE12200ADDF0F /* Release */,
			);
			defaultConfigurationIsVisible = 0;
			defaultConfigurationName = Release;
		};
/* End XCConfigurationList section */

/* Begin XCRemoteSwiftPackageReference section */
		A3FA439027DBFB1000ADDF0F /* XCRemoteSwiftPackageReference "core-plot" */ = {
			isa = XCRemoteSwiftPackageReference;
			repositoryURL = "https://github.com/core-plot/core-plot.git";
			requirement = {
				branch = "release-2.4";
				kind = branch;
			};
		};
/* End XCRemoteSwiftPackageReference section */

/* Begin XCSwiftPackageProductDependency section */
		A3FA439127DBFB1000ADDF0F /* CorePlot */ = {
			isa = XCSwiftPackageProductDependency;
			package = A3FA439027DBFB1000ADDF0F /* XCRemoteSwiftPackageReference "core-plot" */;
			productName = CorePlot;
		};
/* End XCSwiftPackageProductDependency section */
	};
	rootObject = A3FA434327DBE11B00ADDF0F /* Project object */;
}
